<Solution>
  <Folder Name="/samples/" />
  <Folder Name="/samples/walking-skeleton/">
    <Project Path="samples/walking-skeleton/Edpf.WalkingSkeleton.Api/Edpf.WalkingSkeleton.Api.csproj" />
  </Folder>
  <Folder Name="/src/">
    <Project Path="src/Edpf.Abstractions/Edpf.Abstractions.csproj" />
    <Project Path="src/Edpf.Barcode/Edpf.Barcode.csproj" />
    <Project Path="src/Edpf.Caching/Edpf.Caching.csproj" />
    <Project Path="src/Edpf.Compatibility/Edpf.Compatibility.csproj" />
    <Project Path="src/Edpf.Configuration/Edpf.Configuration.csproj" />
    <Project Path="src/Edpf.Connectors/Edpf.Connectors.csproj" />
    <Project Path="src/Edpf.Core/Edpf.Core.csproj" />
    <Project Path="src/Edpf.Data/Edpf.Data.csproj" />
    <Project Path="src/Edpf.DataPlatform/Edpf.DataPlatform.csproj" />
    <Project Path="src/Edpf.DataQuality/Edpf.DataQuality.csproj" />
    <Project Path="src/Edpf.Devices/Edpf.Devices.csproj" />
    <Project Path="src/Edpf.Diagnostics/Edpf.Diagnostics.csproj" />
    <Project Path="src/Edpf.Extensions.DependencyInjection/Edpf.Extensions.DependencyInjection.csproj" />
    <Project Path="src/Edpf.Formula/Edpf.Formula.csproj" />
    <Project Path="src/Edpf.Globalization/Edpf.Globalization.csproj" />
    <Project Path="src/Edpf.Metadata/Edpf.Metadata.csproj" />
    <Project Path="src/Edpf.Migration/Edpf.Migration.csproj" />
    <Project Path="src/Edpf.Operations/Edpf.Operations.csproj" />
    <Project Path="src/Edpf.Reporting/Edpf.Reporting.csproj" />
    <Project Path="src/Edpf.Rules/Edpf.Rules.csproj" />
    <Project Path="src/Edpf.Security/Edpf.Security.csproj" />
  </Folder>
  <Folder Name="/tests/">
    <Project Path="tests/Edpf.ArchitectureTests/Edpf.ArchitectureTests.csproj" />
    <Project Path="tests/Edpf.Benchmarks/Edpf.Benchmarks.csproj" />
    <Project Path="tests/Edpf.ConformanceTests/Edpf.ConformanceTests.csproj" />
    <Project Path="tests/Edpf.IsolationTests/Edpf.IsolationTests.csproj" />
    <Project Path="tests/Edpf.UnitTests/Edpf.UnitTests.csproj" />
    <Project Path="tests/Edpf.WalkingSkeleton.Tests/Edpf.WalkingSkeleton.Tests.csproj" />
  </Folder>
  <Folder Name="/tools/">
    <Project Path="tools/Edpf.Cli/Edpf.Cli.csproj" />
  </Folder>
  <Folder Name="/verticals/">
    <Project Path="verticals/Edpf.Healthcare.Domain/Edpf.Healthcare.Domain.csproj" />
  </Folder>
</Solution>
